
Microsoft Visual Studio Solution File, Format Version 12.00
# Visual Studio 15
VisualStudioVersion = 15.0.27428.2011
MinimumVisualStudioVersion = 10.0.40219.1
Project("{FAE04EC0-301F-11D3-BF4B-00C04F79EFBC}") = "DropZoneAspCoding", "DropZoneAspCoding\DropZoneAspCoding.csproj", "{FCCAE42B-B04A-401A-B340-A0A16608F83B}"
EndProject
Global
	GlobalSection(SolutionConfigurationPlatforms) = preSolution
		Debug|Any CPU = Debug|Any CPU
		Release|Any CPU = Release|Any CPU
	EndGlobalSection
	GlobalSection(ProjectConfigurationPlatforms) = postSolution
		{FCCAE42B-B04A-401A-B340-A0A16608F83B}.Debug|Any CPU.ActiveCfg = Debug|Any CPU
		{FCCAE42B-B04A-401A-B340-A0A16608F83B}.Debug|Any CPU.Build.0 = Debug|Any CPU
		{FCCAE42B-B04A-401A-B340-A0A16608F83B}.Release|Any CPU.ActiveCfg = Release|Any CPU
		{FCCAE42B-B04A-401A-B340-A0A16608F83B}.Release|Any CPU.Build.0 = Release|Any CPU
	EndGlobalSection
	GlobalSection(SolutionProperties) = preSolution
		HideSolutionNode = FALSE
	EndGlobalSection
	GlobalSection(ExtensibilityGlobals) = postSolution
		SolutionGuid = {5BFA21CD-5C94-4663-B93A-7D0145577712}
	EndGlobalSection
EndGlobal
